
Microsoft Visual Studio Solution File, Format Version 12.00
# Visual Studio 15
VisualStudioVersion = 15.0.28307.489
MinimumVisualStudioVersion = 10.0.40219.1
Project("{FAE04EC0-301F-11D3-BF4B-00C04F79EFBC}") = "ClassLibrary", "ClassLibrary\ClassLibrary.csproj", "{68DCEA9D-2012-4E55-BC6C-7F5B0A18C7D5}"
EndProject
Project("{9A19103F-16F7-4668-BE54-9A1E7A4F7556}") = "TicketLibrary", "ClassLibrary\TicketLibrary.csproj", "{00C65B75-ED9B-4E61-856E-B75EF8DE5537}"
EndProject
Project("{FAE04EC0-301F-11D3-BF4B-00C04F79EFBC}") = "TestLibrary", "TestLibrary\TestLibrary.csproj", "{0C3D63FD-F161-4394-8612-79BF9FBCDB33}"
EndProject
Global
	GlobalSection(SolutionConfigurationPlatforms) = preSolution
		Debug|Any CPU = Debug|Any CPU
		Release|Any CPU = Release|Any CPU
	EndGlobalSection
	GlobalSection(ProjectConfigurationPlatforms) = postSolution
		{68DCEA9D-2012-4E55-BC6C-7F5B0A18C7D5}.Debug|Any CPU.ActiveCfg = Debug|Any CPU
		{68DCEA9D-2012-4E55-BC6C-7F5B0A18C7D5}.Debug|Any CPU.Build.0 = Debug|Any CPU
		{68DCEA9D-2012-4E55-BC6C-7F5B0A18C7D5}.Release|Any CPU.ActiveCfg = Release|Any CPU
		{68DCEA9D-2012-4E55-BC6C-7F5B0A18C7D5}.Release|Any CPU.Build.0 = Release|Any CPU
		{00C65B75-ED9B-4E61-856E-B75EF8DE5537}.Debug|Any CPU.ActiveCfg = Debug|Any CPU
		{00C65B75-ED9B-4E61-856E-B75EF8DE5537}.Debug|Any CPU.Build.0 = Debug|Any CPU
		{00C65B75-ED9B-4E61-856E-B75EF8DE5537}.Release|Any CPU.ActiveCfg = Release|Any CPU
		{00C65B75-ED9B-4E61-856E-B75EF8DE5537}.Release|Any CPU.Build.0 = Release|Any CPU
		{0C3D63FD-F161-4394-8612-79BF9FBCDB33}.Debug|Any CPU.ActiveCfg = Debug|Any CPU
		{0C3D63FD-F161-4394-8612-79BF9FBCDB33}.Debug|Any CPU.Build.0 = Debug|Any CPU
		{0C3D63FD-F161-4394-8612-79BF9FBCDB33}.Release|Any CPU.ActiveCfg = Release|Any CPU
		{0C3D63FD-F161-4394-8612-79BF9FBCDB33}.Release|Any CPU.Build.0 = Release|Any CPU
	EndGlobalSection
	GlobalSection(SolutionProperties) = preSolution
		HideSolutionNode = FALSE
	EndGlobalSection
	GlobalSection(ExtensibilityGlobals) = postSolution
		SolutionGuid = {DB369C67-9400-4357-8DE2-2A4EE9D05B4E}
	EndGlobalSection
EndGlobal
